
Microsoft Visual Studio Solution File, Format Version 12.00
# Visual Studio Version 17
VisualStudioVersion = 17.14.36221.1
MinimumVisualStudioVersion = 10.0.40219.1
Project("{FAE04EC0-301F-11D3-BF4B-00C04F79EFBC}") = "Movies.VerticalSlice.Api", "Movies.VerticalSlice.Api\Movies.VerticalSlice.Api.csproj", "{30961E7F-A53A-4799-BD63-ACD20EEEC359}"
EndProject
Project("{FAE04EC0-301F-11D3-BF4B-00C04F79EFBC}") = "Movies.VerticalSlice.Api.Data", "Movies.VerticalSlice.Api.Data\Movies.VerticalSlice.Api.Data.csproj", "{5AAEC06C-F5C0-44C1-98AA-77D0B75088F2}"
EndProject
Project("{FAE04EC0-301F-11D3-BF4B-00C04F79EFBC}") = "Movies.VerticalSlice.Blazor", "Movies.VerticalSlice.Blazor\Movies.VerticalSlice.Blazor.csproj", "{FDE6B270-B201-4C49-8330-77A75ED413AE}"
EndProject
Global
	GlobalSection(SolutionConfigurationPlatforms) = preSolution
		Debug|Any CPU = Debug|Any CPU
		Release|Any CPU = Release|Any CPU
	EndGlobalSection
	GlobalSection(ProjectConfigurationPlatforms) = postSolution
		{30961E7F-A53A-4799-BD63-ACD20EEEC359}.Debug|Any CPU.ActiveCfg = Debug|Any CPU
		{30961E7F-A53A-4799-BD63-ACD20EEEC359}.Debug|Any CPU.Build.0 = Debug|Any CPU
		{30961E7F-A53A-4799-BD63-ACD20EEEC359}.Release|Any CPU.ActiveCfg = Release|Any CPU
		{30961E7F-A53A-4799-BD63-ACD20EEEC359}.Release|Any CPU.Build.0 = Release|Any CPU
		{5AAEC06C-F5C0-44C1-98AA-77D0B75088F2}.Debug|Any CPU.ActiveCfg = Debug|Any CPU
		{5AAEC06C-F5C0-44C1-98AA-77D0B75088F2}.Debug|Any CPU.Build.0 = Debug|Any CPU
		{5AAEC06C-F5C0-44C1-98AA-77D0B75088F2}.Release|Any CPU.ActiveCfg = Release|Any CPU
		{5AAEC06C-F5C0-44C1-98AA-77D0B75088F2}.Release|Any CPU.Build.0 = Release|Any CPU
		{FDE6B270-B201-4C49-8330-77A75ED413AE}.Debug|Any CPU.ActiveCfg = Debug|Any CPU
		{FDE6B270-B201-4C49-8330-77A75ED413AE}.Debug|Any CPU.Build.0 = Debug|Any CPU
		{FDE6B270-B201-4C49-8330-77A75ED413AE}.Release|Any CPU.ActiveCfg = Release|Any CPU
		{FDE6B270-B201-4C49-8330-77A75ED413AE}.Release|Any CPU.Build.0 = Release|Any CPU
	EndGlobalSection
	GlobalSection(SolutionProperties) = preSolution
		HideSolutionNode = FALSE
	EndGlobalSection
	GlobalSection(ExtensibilityGlobals) = postSolution
		SolutionGuid = {55F9E3CF-A86E-415B-AABF-4D4B9FD80C41}
	EndGlobalSection
EndGlobal
