
Microsoft Visual Studio Solution File, Format Version 12.00
# Visual Studio Version 17
VisualStudioVersion = 17.14.36221.1
MinimumVisualStudioVersion = 10.0.40219.1
Project("{FAE04EC0-301F-11D3-BF4B-00C04F79EFBC}") = "Movies.VerticalSlice.Api", "Movies.VerticalSlice.Api\Movies.VerticalSlice.Api.csproj", "{30961E7F-A53A-4799-BD63-ACD20EEEC359}"
EndProject
Project("{FAE04EC0-301F-11D3-BF4B-00C04F79EFBC}") = "Movies.VerticalSlice.Api.Data", "Movies.VerticalSlice.Api.Data\Movies.VerticalSlice.Api.Data.csproj", "{5AAEC06C-F5C0-44C1-98AA-77D0B75088F2}"
EndProject
Project("{FAE04EC0-301F-11D3-BF4B-00C04F79EFBC}") = "Movies.VerticalSlice.Api.Blazor", "Movies.VerticalSlice.Api.Blazor\Movies.VerticalSlice.Api.Blazor.csproj", "{E7E93FE0-0FAC-4437-8A73-674DBFBD2A82}"
EndProject
Project("{FAE04EC0-301F-11D3-BF4B-00C04F79EFBC}") = "Movies.VerticalSlice.Api.Shared", "Movies.VerticalSlice.Api.Shared\Movies.VerticalSlice.Api.Shared.csproj", "{1969DE29-22CB-4EA0-9DAD-63E84EFFE106}"
EndProject
Project("{FAE04EC0-301F-11D3-BF4B-00C04F79EFBC}") = "Movies.Api.VerticalSlice.Api.Tests", "Movies.Api.VerticalSlice.Api.Tests\Movies.Api.VerticalSlice.Api.Tests.csproj", "{0D4E5CD3-FE6A-4148-A1B5-A0C31A8B95AD}"
EndProject
Project("{FAE04EC0-301F-11D3-BF4B-00C04F79EFBC}") = "Movies.VerticalSlice.Api.Services", "Movies.VerticalSlice.Api.Services\Movies.VerticalSlice.Api.Services.csproj", "{427CA238-27EB-48A7-8BAF-B26B5508D5AA}"
EndProject
Project("{FAE04EC0-301F-11D3-BF4B-00C04F79EFBC}") = "Movies.VerticalSlice.Api.Wpf", "Movies.VerticalSlice.Api.Wpf\Movies.VerticalSlice.Api.Wpf.csproj", "{918A8AB7-BACD-4CED-95DF-574CCD9170F7}"
EndProject
Project("{FAE04EC0-301F-11D3-BF4B-00C04F79EFBC}") = "Movies.VerticalSlice.Api.Wpf.Tests", "Movies.VerticalSlice.Api.Wpf.Tests\Movies.VerticalSlice.Api.Wpf.Tests.csproj", "{E2E0F31A-66D6-4295-8A22-902A5D0899FF}"
EndProject
Global
	GlobalSection(SolutionConfigurationPlatforms) = preSolution
		Debug|Any CPU = Debug|Any CPU
		Release|Any CPU = Release|Any CPU
	EndGlobalSection
	GlobalSection(ProjectConfigurationPlatforms) = postSolution
		{30961E7F-A53A-4799-BD63-ACD20EEEC359}.Debug|Any CPU.ActiveCfg = Debug|Any CPU
		{30961E7F-A53A-4799-BD63-ACD20EEEC359}.Debug|Any CPU.Build.0 = Debug|Any CPU
		{30961E7F-A53A-4799-BD63-ACD20EEEC359}.Release|Any CPU.ActiveCfg = Release|Any CPU
		{30961E7F-A53A-4799-BD63-ACD20EEEC359}.Release|Any CPU.Build.0 = Release|Any CPU
		{5AAEC06C-F5C0-44C1-98AA-77D0B75088F2}.Debug|Any CPU.ActiveCfg = Debug|Any CPU
		{5AAEC06C-F5C0-44C1-98AA-77D0B75088F2}.Debug|Any CPU.Build.0 = Debug|Any CPU
		{5AAEC06C-F5C0-44C1-98AA-77D0B75088F2}.Release|Any CPU.ActiveCfg = Release|Any CPU
		{5AAEC06C-F5C0-44C1-98AA-77D0B75088F2}.Release|Any CPU.Build.0 = Release|Any CPU
		{E7E93FE0-0FAC-4437-8A73-674DBFBD2A82}.Debug|Any CPU.ActiveCfg = Debug|Any CPU
		{E7E93FE0-0FAC-4437-8A73-674DBFBD2A82}.Release|Any CPU.ActiveCfg = Release|Any CPU
		{E7E93FE0-0FAC-4437-8A73-674DBFBD2A82}.Release|Any CPU.Build.0 = Release|Any CPU
		{1969DE29-22CB-4EA0-9DAD-63E84EFFE106}.Debug|Any CPU.ActiveCfg = Debug|Any CPU
		{1969DE29-22CB-4EA0-9DAD-63E84EFFE106}.Debug|Any CPU.Build.0 = Debug|Any CPU
		{1969DE29-22CB-4EA0-9DAD-63E84EFFE106}.Release|Any CPU.ActiveCfg = Release|Any CPU
		{1969DE29-22CB-4EA0-9DAD-63E84EFFE106}.Release|Any CPU.Build.0 = Release|Any CPU
		{0D4E5CD3-FE6A-4148-A1B5-A0C31A8B95AD}.Debug|Any CPU.ActiveCfg = Debug|Any CPU
		{0D4E5CD3-FE6A-4148-A1B5-A0C31A8B95AD}.Debug|Any CPU.Build.0 = Debug|Any CPU
		{0D4E5CD3-FE6A-4148-A1B5-A0C31A8B95AD}.Release|Any CPU.ActiveCfg = Release|Any CPU
		{0D4E5CD3-FE6A-4148-A1B5-A0C31A8B95AD}.Release|Any CPU.Build.0 = Release|Any CPU
		{427CA238-27EB-48A7-8BAF-B26B5508D5AA}.Debug|Any CPU.ActiveCfg = Debug|Any CPU
		{427CA238-27EB-48A7-8BAF-B26B5508D5AA}.Debug|Any CPU.Build.0 = Debug|Any CPU
		{427CA238-27EB-48A7-8BAF-B26B5508D5AA}.Release|Any CPU.ActiveCfg = Release|Any CPU
		{427CA238-27EB-48A7-8BAF-B26B5508D5AA}.Release|Any CPU.Build.0 = Release|Any CPU
		{918A8AB7-BACD-4CED-95DF-574CCD9170F7}.Debug|Any CPU.ActiveCfg = Debug|Any CPU
		{918A8AB7-BACD-4CED-95DF-574CCD9170F7}.Debug|Any CPU.Build.0 = Debug|Any CPU
		{918A8AB7-BACD-4CED-95DF-574CCD9170F7}.Release|Any CPU.ActiveCfg = Release|Any CPU
		{918A8AB7-BACD-4CED-95DF-574CCD9170F7}.Release|Any CPU.Build.0 = Release|Any CPU
		{E2E0F31A-66D6-4295-8A22-902A5D0899FF}.Debug|Any CPU.ActiveCfg = Debug|Any CPU
		{E2E0F31A-66D6-4295-8A22-902A5D0899FF}.Debug|Any CPU.Build.0 = Debug|Any CPU
		{E2E0F31A-66D6-4295-8A22-902A5D0899FF}.Release|Any CPU.ActiveCfg = Release|Any CPU
		{E2E0F31A-66D6-4295-8A22-902A5D0899FF}.Release|Any CPU.Build.0 = Release|Any CPU
	EndGlobalSection
	GlobalSection(SolutionProperties) = preSolution
		HideSolutionNode = FALSE
	EndGlobalSection
	GlobalSection(ExtensibilityGlobals) = postSolution
		SolutionGuid = {55F9E3CF-A86E-415B-AABF-4D4B9FD80C41}
	EndGlobalSection
EndGlobal
